Microsoft Visual Studio Solution File, Format Version 11.00
# Visual Studio 2008

Project("{5F920CA2-2802-242D-86BD-125782604A88}") = "Xplore", "Assembly-CSharp-firstpass.csproj", "{17EF4C08-E67F-434C-1456-87E2F1A53822}"
EndProject
Project("{5F920CA2-2802-242D-86BD-125782604A88}") = "Xplore", "Assembly-CSharp.csproj", "{58CC6459-C6FB-2F01-5987-AC2DAB3E35F4}"
EndProject
Project("{5F920CA2-2802-242D-86BD-125782604A88}") = "Xplore", "Assembly-CSharp-Editor.csproj", "{BD3E4E95-2F08-68E4-0B24-904311941626}"
EndProject
Project("{5F920CA2-2802-242D-86BD-125782604A88}") = "Xplore", "Assembly-UnityScript-firstpass.unityproj", "{B1ACB5DA-3454-3AF4-5F3F-A2043FD4CAF6}"
EndProject
Project("{5F920CA2-2802-242D-86BD-125782604A88}") = "Xplore", "Assembly-UnityScript.unityproj", "{41968447-ED12-149A-84C3-C323F140A385}"
EndProject
Global
	GlobalSection(SolutionConfigurationPlatforms) = preSolution
		Debug|Any CPU = Debug|Any CPU
		Release|Any CPU = Release|Any CPU
	EndGlobalSection
	GlobalSection(ProjectConfigurationPlatforms) = postSolution
		{17EF4C08-E67F-434C-1456-87E2F1A53822}.Debug|Any CPU.ActiveCfg = Debug|Any CPU
		{17EF4C08-E67F-434C-1456-87E2F1A53822}.Debug|Any CPU.Build.0 = Debug|Any CPU
		{17EF4C08-E67F-434C-1456-87E2F1A53822}.Release|Any CPU.ActiveCfg = Release|Any CPU
		{17EF4C08-E67F-434C-1456-87E2F1A53822}.Release|Any CPU.Build.0 = Release|Any CPU
		{58CC6459-C6FB-2F01-5987-AC2DAB3E35F4}.Debug|Any CPU.ActiveCfg = Debug|Any CPU
		{58CC6459-C6FB-2F01-5987-AC2DAB3E35F4}.Debug|Any CPU.Build.0 = Debug|Any CPU
		{58CC6459-C6FB-2F01-5987-AC2DAB3E35F4}.Release|Any CPU.ActiveCfg = Release|Any CPU
		{58CC6459-C6FB-2F01-5987-AC2DAB3E35F4}.Release|Any CPU.Build.0 = Release|Any CPU
		{BD3E4E95-2F08-68E4-0B24-904311941626}.Debug|Any CPU.ActiveCfg = Debug|Any CPU
		{BD3E4E95-2F08-68E4-0B24-904311941626}.Debug|Any CPU.Build.0 = Debug|Any CPU
		{BD3E4E95-2F08-68E4-0B24-904311941626}.Release|Any CPU.ActiveCfg = Release|Any CPU
		{BD3E4E95-2F08-68E4-0B24-904311941626}.Release|Any CPU.Build.0 = Release|Any CPU
		{B1ACB5DA-3454-3AF4-5F3F-A2043FD4CAF6}.Debug|Any CPU.ActiveCfg = Debug|Any CPU
		{B1ACB5DA-3454-3AF4-5F3F-A2043FD4CAF6}.Debug|Any CPU.Build.0 = Debug|Any CPU
		{B1ACB5DA-3454-3AF4-5F3F-A2043FD4CAF6}.Release|Any CPU.ActiveCfg = Release|Any CPU
		{B1ACB5DA-3454-3AF4-5F3F-A2043FD4CAF6}.Release|Any CPU.Build.0 = Release|Any CPU
		{41968447-ED12-149A-84C3-C323F140A385}.Debug|Any CPU.ActiveCfg = Debug|Any CPU
		{41968447-ED12-149A-84C3-C323F140A385}.Debug|Any CPU.Build.0 = Debug|Any CPU
		{41968447-ED12-149A-84C3-C323F140A385}.Release|Any CPU.ActiveCfg = Release|Any CPU
		{41968447-ED12-149A-84C3-C323F140A385}.Release|Any CPU.Build.0 = Release|Any CPU
	EndGlobalSection
	GlobalSection(SolutionProperties) = preSolution
		HideSolutionNode = FALSE
	EndGlobalSection
																														GlobalSection(MonoDevelopProperties) = preSolution
		StartupItem = Assembly-CSharp.csproj
		Policies = $0
		$0.TextStylePolicy = $1
		$1.inheritsSet = null
		$1.scope = text/x-csharp
		$0.CSharpFormattingPolicy = $2
		$2.inheritsSet = Mono
		$2.inheritsScope = text/x-csharp
		$2.scope = text/x-csharp
		$0.TextStylePolicy = $3
		$3.FileWidth = 120
		$3.TabWidth = 4
		$3.EolMarker = Unix
		$3.inheritsSet = Mono
		$3.inheritsScope = text/plain
		$3.scope = text/plain
	EndGlobalSection

EndGlobal
